
Microsoft Visual Studio Solution File, Format Version 12.00
# Visual Studio 15
VisualStudioVersion = 15.0.27004.2002
MinimumVisualStudioVersion = 10.0.40219.1
Project("{FAE04EC0-301F-11D3-BF4B-00C04F79EFBC}") = "FrontViewAPI", "FrontViewAPI\FrontViewAPI.csproj", "{28DDE712-6B88-4AEB-85D6-A886547A6DDA}"
EndProject
Global
	GlobalSection(SolutionConfigurationPlatforms) = preSolution
		Debug|Any CPU = Debug|Any CPU
		Release|Any CPU = Release|Any CPU
	EndGlobalSection
	GlobalSection(ProjectConfigurationPlatforms) = postSolution
		{28DDE712-6B88-4AEB-85D6-A886547A6DDA}.Debug|Any CPU.ActiveCfg = Debug|Any CPU
		{28DDE712-6B88-4AEB-85D6-A886547A6DDA}.Debug|Any CPU.Build.0 = Debug|Any CPU
		{28DDE712-6B88-4AEB-85D6-A886547A6DDA}.Release|Any CPU.ActiveCfg = Release|Any CPU
		{28DDE712-6B88-4AEB-85D6-A886547A6DDA}.Release|Any CPU.Build.0 = Release|Any CPU
	EndGlobalSection
	GlobalSection(SolutionProperties) = preSolution
		HideSolutionNode = FALSE
	EndGlobalSection
	GlobalSection(ExtensibilityGlobals) = postSolution
		SolutionGuid = {3C192424-B25C-4E26-9120-B73C1AD2B48F}
	EndGlobalSection
EndGlobal
